
Microsoft Visual Studio Solution File, Format Version 12.00
Project("{FAE04EC0-301F-11D3-BF4B-00C04F79EFBC}") = "RnadomSentenceGen", "RnadomSentenceGen\RnadomSentenceGen.csproj", "{66922375-F66C-476B-A5FE-6F26E1589545}"
EndProject
Global
	GlobalSection(SolutionConfigurationPlatforms) = preSolution
		Debug|Any CPU = Debug|Any CPU
		Release|Any CPU = Release|Any CPU
	EndGlobalSection
	GlobalSection(ProjectConfigurationPlatforms) = postSolution
		{66922375-F66C-476B-A5FE-6F26E1589545}.Debug|Any CPU.ActiveCfg = Debug|Any CPU
		{66922375-F66C-476B-A5FE-6F26E1589545}.Debug|Any CPU.Build.0 = Debug|Any CPU
		{66922375-F66C-476B-A5FE-6F26E1589545}.Release|Any CPU.ActiveCfg = Release|Any CPU
		{66922375-F66C-476B-A5FE-6F26E1589545}.Release|Any CPU.Build.0 = Release|Any CPU
	EndGlobalSection
EndGlobal
